# platform: osx-64
# env_hash: c70d1f0e0f46a5bb9eed05b7ad54b36908537aab66ef43645767e2ec0fabc173
@EXPLICIT
https://conda.anaconda.org/conda-forge/osx-64/ca-certificates-2020.12.5-h033912b_0.tar.bz2#4483d8ea13bd57b52e3539e741501a7d
https://conda.anaconda.org/conda-forge/osx-64/jpeg-9d-hbcb3906_0.tar.bz2#ff6fba028f282f94ceb10597d58a56e8
https://conda.anaconda.org/conda-forge/osx-64/libcxx-11.0.1-habf9029_0.tar.bz2#51c221f12b7975d60dae27cd8280efac
https://conda.anaconda.org/conda-forge/osx-64/libiconv-1.16-haf1e3a3_0.tar.bz2#c5fab167412a52e491c8e11453ae016f
https://conda.anaconda.org/conda-forge/osx-64/libsodium-1.0.18-hbcb3906_1.tar.bz2#24632c09ed931af617fe6d5292919cab
https://conda.anaconda.org/conda-forge/osx-64/llvm-openmp-11.0.1-h7c73e74_0.tar.bz2#86683a2ccd280574c0af1efb95b20aec
https://conda.anaconda.org/conda-forge/osx-64/mysql-common-8.0.22-h694c41f_3.tar.bz2#fa5ad5576f156df46ea4709069fa1728
https://conda.anaconda.org/conda-forge/osx-64/ncurses-6.2-h2e338ed_4.tar.bz2#9cef1910395d1543527583e73dba30f1
https://conda.anaconda.org/conda-forge/osx-64/pandoc-2.11.4-h35c211d_0.tar.bz2#7d3282f19abe9745707987104954bbcb
https://conda.anaconda.org/conda-forge/osx-64/xz-5.2.5-haf1e3a3_1.tar.bz2#41116deb499e9bc58048c297d6403ce6
https://conda.anaconda.org/conda-forge/osx-64/zlib-1.2.11-h7795811_1010.tar.bz2#7d39e47e16ed0107f37c7224d5b5be8b
https://conda.anaconda.org/conda-forge/osx-64/expat-2.2.10-h1c7c35f_0.tar.bz2#5963a2ace3da084372d292a9bc44a220
https://conda.anaconda.org/conda-forge/osx-64/icu-68.1-h74dc148_0.tar.bz2#e4e7f8580abd1275ea2250fe606b66ac
https://conda.anaconda.org/conda-forge/osx-64/libedit-3.1.20191231-h0678c8f_2.tar.bz2#6016a8a1d0e63cac3de2c352cd40208b
https://conda.anaconda.org/conda-forge/osx-64/libffi-3.3-h046ec9c_2.tar.bz2#c7a196accaf92d40985d5c9b4d14f9cb
https://conda.anaconda.org/conda-forge/osx-64/libgfortran5-9.3.0-h6c81a4c_18.tar.bz2#02383e6cf682ef893c6e1f7892a6865e
https://conda.anaconda.org/conda-forge/osx-64/libllvm11-11.0.1-h223d4b2_0.tar.bz2#e1838ff7ec2aa697258ff47a8b84d7d1
https://conda.anaconda.org/conda-forge/osx-64/libpng-1.6.37-h7cec526_2.tar.bz2#9e52521faba2b53269672628d34e1513
https://conda.anaconda.org/conda-forge/osx-64/lz4-c-1.9.3-h046ec9c_0.tar.bz2#7f13d69c1b7989b85029efb6f3e35af9
https://conda.anaconda.org/conda-forge/osx-64/nspr-4.29-hbc8d48c_1.tar.bz2#1a2d2f8ded06f197e76b7218f665112c
https://conda.anaconda.org/conda-forge/osx-64/openssl-1.1.1i-h35c211d_0.tar.bz2#f26df9ccde4b41ff4d2b18c83c4d0fd3
https://conda.anaconda.org/conda-forge/osx-64/pcre-8.44-hb1e8313_0.tar.bz2#e1c1a939ae5ecd32f13db1f742b434e5
https://conda.anaconda.org/conda-forge/osx-64/readline-8.0-h0678c8f_2.tar.bz2#8f69d684fce8e73328995d7efb77816a
https://conda.anaconda.org/conda-forge/osx-64/tk-8.6.10-h0419947_1.tar.bz2#9a79a432473acddd936ff8bab8b86145
https://conda.anaconda.org/conda-forge/osx-64/zeromq-4.3.4-h1c7c35f_0.tar.bz2#2af55e3523e9210b2b2dff5855fb5382
https://conda.anaconda.org/conda-forge/osx-64/gettext-0.19.8.1-h7937167_1005.tar.bz2#52fd84c5cc5d61a6e05885f44d033efa
https://conda.anaconda.org/conda-forge/osx-64/krb5-1.17.2-h60d9502_0.tar.bz2#abf2add2a1ade1920b25a8f3327a1aa0
https://conda.anaconda.org/conda-forge/osx-64/libclang-11.0.1-default_hf8bb9ca_1.tar.bz2#a95d2ed974460c96fddc0921fafa7117
https://conda.anaconda.org/conda-forge/osx-64/libgfortran-5.0.0-9_3_0_h6c81a4c_18.tar.bz2#3eb238d3935324db974670ff07f97767
https://conda.anaconda.org/conda-forge/osx-64/sqlite-3.34.0-h17101e1_0.tar.bz2#9e9694f119bb1a2362a0cc0249651835
https://conda.anaconda.org/conda-forge/osx-64/zstd-1.4.8-hf387650_1.tar.bz2#c17f2ece6445e21c290df2f9a0f1f94d
https://conda.anaconda.org/conda-forge/osx-64/libglib-2.66.7-h56565ab_0.tar.bz2#c700cd45dfaf7b370f5f6c761e97c330
https://conda.anaconda.org/conda-forge/osx-64/libopenblas-0.3.12-openmp_h54245bb_1.tar.bz2#ecaffce11312c27c18ad35e65095fecc
https://conda.anaconda.org/conda-forge/osx-64/libpq-12.3-h7049927_3.tar.bz2#0d81d4294d3afd9b7269821e71d0fd0c
https://conda.anaconda.org/conda-forge/osx-64/mysql-libs-8.0.22-h70aab77_3.tar.bz2#9d01eed1cfe5b8922180aeb3803c87c0
https://conda.anaconda.org/conda-forge/osx-64/nss-3.47-hc0980d9_0.tar.bz2#c4a8c66c0125d86fbde82cf965212917
https://conda.anaconda.org/conda-forge/osx-64/python-3.8.6-h624753d_5_cpython.tar.bz2#3e977b3e50ac239250b2a9e0e79e6360
https://conda.anaconda.org/conda-forge/noarch/async_generator-1.10-py_0.tar.bz2#d56c596e61b1c4952acf0a9920856c12
https://conda.anaconda.org/conda-forge/noarch/attrs-20.3.0-pyhd3deb0d_0.tar.bz2#5b319abb055eefcfa344bc21378ca23f
https://conda.anaconda.org/conda-forge/noarch/backcall-0.2.0-pyh9f0ad1d_0.tar.bz2#6006a6d08a3fa99268a2681c7fb55213
https://conda.anaconda.org/conda-forge/noarch/backports-1.0-py_2.tar.bz2#0da16b293affa6ac31812376f8eb79dd
https://conda.anaconda.org/conda-forge/noarch/decorator-4.4.2-py_0.tar.bz2#d2eabb9cabd212e1ec6a9463bd846243
https://conda.anaconda.org/conda-forge/noarch/defusedxml-0.6.0-py_0.tar.bz2#37e1033daee0e2edaa5ff42584c52b21
https://conda.anaconda.org/conda-forge/noarch/entrypoints-0.3-pyhd8ed1ab_1003.tar.bz2#bbf9a201f6ce99a506f4955374d9a9f4
https://conda.anaconda.org/conda-forge/osx-64/glib-tools-2.66.7-h1c7c35f_0.tar.bz2#ce0a354352735b45193b2298cde51cb6
https://conda.anaconda.org/conda-forge/noarch/ipython_genutils-0.2.0-py_1.tar.bz2#5071c982548b3a20caf70462f04f5287
https://conda.anaconda.org/conda-forge/noarch/jupyterlab_widgets-1.0.0-pyhd8ed1ab_1.tar.bz2#f8da92114c8fbe1d951b0efaf54dd14b
https://conda.anaconda.org/conda-forge/osx-64/libblas-3.9.0-8_openblas.tar.bz2#054ee8e709d3d9c2678a3c8bda034896
https://conda.anaconda.org/conda-forge/noarch/nest-asyncio-1.4.3-pyhd8ed1ab_0.tar.bz2#a1f2fda4d88c624810bf2029aa4c0827
https://conda.anaconda.org/conda-forge/noarch/pandocfilters-1.4.2-py_1.tar.bz2#ba6f4a308f1ea22abe1d72e72544af76
https://conda.anaconda.org/conda-forge/noarch/parso-0.8.1-pyhd8ed1ab_0.tar.bz2#8b0a19d867a59005c1ae631d61a12194
https://conda.anaconda.org/conda-forge/noarch/pickleshare-0.7.5-py_1003.tar.bz2#415f0ebb6198cc2801c73438a9fb5761
https://conda.anaconda.org/conda-forge/noarch/prometheus_client-0.9.0-pyhd3deb0d_0.tar.bz2#c7af95daf5bae22ead34151e0ab9d041
https://conda.anaconda.org/conda-forge/noarch/ptyprocess-0.7.0-pyhd3deb0d_0.tar.bz2#359eeb6536da0e687af562ed265ec263
https://conda.anaconda.org/conda-forge/noarch/pycparser-2.20-pyh9f0ad1d_2.tar.bz2#aa798d50ffd182a0f6f31478c7f434f6
https://conda.anaconda.org/conda-forge/noarch/pyparsing-2.4.7-pyh9f0ad1d_0.tar.bz2#626c4f20d5bf06dcec9cf2eaa31725c7
https://conda.anaconda.org/conda-forge/osx-64/python_abi-3.8-1_cp38.tar.bz2#5fe7757fd743e1c2d14d6170d4f53365
https://conda.anaconda.org/conda-forge/noarch/pytz-2021.1-pyhd8ed1ab_0.tar.bz2#3af2e9424d5eb0063824a3f9b850d411
https://conda.anaconda.org/conda-forge/osx-64/qt-5.12.9-h126340a_2.tar.bz2#17d0e051f9f7cb5aea57ad637238d271
https://conda.anaconda.org/conda-forge/noarch/qtpy-1.9.0-py_0.tar.bz2#ab75b0ea90d2621e1924b824e2f395ee
https://conda.anaconda.org/conda-forge/noarch/send2trash-1.5.0-py_0.tar.bz2#c3779037a635e1150f1c53c28b875949
https://conda.anaconda.org/conda-forge/noarch/six-1.15.0-pyh9f0ad1d_0.tar.bz2#1eec421f0f1f39e579e44e4a5ce646a2
https://conda.anaconda.org/conda-forge/noarch/testpath-0.4.4-py_0.tar.bz2#3b98fff4d5342bebde2ecaa314f796f9
https://conda.anaconda.org/conda-forge/noarch/toolz-0.11.1-py_0.tar.bz2#d1e66b58cb00b3817ad9f05eec098c00
https://conda.anaconda.org/conda-forge/noarch/webencodings-0.5.1-py_1.tar.bz2#3563be4c5611a44210d9ba0c16113136
https://conda.anaconda.org/conda-forge/noarch/zipp-3.4.0-py_0.tar.bz2#0df927d2e46244cef8fd75d7ec2ba51c
https://conda.anaconda.org/conda-forge/osx-64/appnope-0.1.2-py38h50d1736_1.tar.bz2#8426b3b9bb0f98118f24e55958f88b8e
https://conda.anaconda.org/conda-forge/osx-64/certifi-2020.12.5-py38h50d1736_1.tar.bz2#fe528d606027dc2848f5a3577ab9b4eb
https://conda.anaconda.org/conda-forge/osx-64/cffi-1.14.4-py38h979bc6b_1.tar.bz2#e648f242bf242deb64206104cb8cbf1f
https://conda.anaconda.org/conda-forge/osx-64/glib-2.66.7-h1c7c35f_0.tar.bz2#49f155686999280ce1b453df32918a1d
https://conda.anaconda.org/conda-forge/osx-64/importlib-metadata-3.4.0-py38h50d1736_0.tar.bz2#d5ae6784c4d7365437a46256339ccbfb
https://conda.anaconda.org/conda-forge/osx-64/jedi-0.18.0-py38h50d1736_2.tar.bz2#fd627462ba923b731e3220d729f05951
https://conda.anaconda.org/conda-forge/osx-64/libcblas-3.9.0-8_openblas.tar.bz2#67acafbc05ce608462a59740ef546b52
https://conda.anaconda.org/conda-forge/osx-64/liblapack-3.9.0-8_openblas.tar.bz2#f20c01455d69b8a613bb92cd4544b553
https://conda.anaconda.org/conda-forge/osx-64/markupsafe-1.1.1-py38h5406a74_3.tar.bz2#f1334fc4cf0a7c6a7defc63457a9771c
https://conda.anaconda.org/conda-forge/osx-64/mistune-0.8.4-py38h5406a74_1003.tar.bz2#a15cfd99b648dbb53db4ab2347ba80e8
https://conda.anaconda.org/conda-forge/noarch/packaging-20.9-pyh44b312d_0.tar.bz2#be69a38e912054a62dc82cc3c7711a64
https://conda.anaconda.org/conda-forge/noarch/pexpect-4.8.0-pyh9f0ad1d_2.tar.bz2#5909e7b978141dd80d28dbf9de627827
https://conda.anaconda.org/conda-forge/osx-64/pyqt5-sip-4.19.18-py38h5745d40_7.tar.bz2#82fbe5abe2e280803979843adc8a493b
https://conda.anaconda.org/conda-forge/osx-64/pyrsistent-0.17.3-py38h5406a74_2.tar.bz2#50060fafbdcf7202bf3aec945555b911
https://conda.anaconda.org/conda-forge/noarch/python-dateutil-2.8.1-py_0.tar.bz2#0d0150ed9c2d25817f5324108d3f7571
https://conda.anaconda.org/conda-forge/osx-64/pyzmq-22.0.1-py38hd5c72dd_0.tar.bz2#4fabd21a2d5af52b60800b81f186e3a9
https://conda.anaconda.org/conda-forge/osx-64/tornado-6.1-py38h5406a74_1.tar.bz2#9f14218e2a273093a0249c3214972055
https://conda.anaconda.org/conda-forge/noarch/traitlets-5.0.5-py_0.tar.bz2#99618ee9ab1323e40f231acdab92fe60
https://conda.anaconda.org/conda-forge/osx-64/argon2-cffi-20.1.0-py38h5406a74_2.tar.bz2#0345d6e49af20d6aa8af98373075bcad
https://conda.anaconda.org/conda-forge/osx-64/dbus-1.13.6-h0c50699_1.tar.bz2#099364b8889a73dc57f880a1ed61ff7c
https://conda.anaconda.org/conda-forge/noarch/importlib_metadata-3.4.0-hd8ed1ab_0.tar.bz2#6d962cade0658bb1040a3e994add14e0
https://conda.anaconda.org/conda-forge/osx-64/jupyter_core-4.7.1-py38h50d1736_0.tar.bz2#1253aea385688aebc9941897681c8a2a
https://conda.anaconda.org/conda-forge/osx-64/numpy-1.20.1-py38h64deac9_0.tar.bz2#200326405b96328689cba96489ca95b3
https://conda.anaconda.org/conda-forge/osx-64/setuptools-49.6.0-py38h50d1736_3.tar.bz2#af8a81ee7c2c09fc2884c800a044b616
https://conda.anaconda.org/conda-forge/osx-64/terminado-0.9.2-py38h50d1736_0.tar.bz2#88a2f516f01292e5868e21097078d3ff
https://conda.anaconda.org/conda-forge/noarch/backports.functools_lru_cache-1.6.1-py_0.tar.bz2#d36df15eaef96549ce6231e3088fba54
https://conda.anaconda.org/conda-forge/noarch/bleach-3.3.0-pyh44b312d_0.tar.bz2#abf6b76c39358ca36ca706c46f054f2a
https://conda.anaconda.org/conda-forge/noarch/jinja2-2.11.3-pyh44b312d_0.tar.bz2#1d4c3605d85a3655b1595e0694138eb6
https://conda.anaconda.org/conda-forge/noarch/jsonschema-3.2.0-py_2.tar.bz2#a17aa962de6145d08e1008cb37c20161
https://conda.anaconda.org/conda-forge/noarch/jupyter_client-6.1.11-pyhd8ed1ab_1.tar.bz2#0fcd80df6d4e0558754c39453ffa3110
https://conda.anaconda.org/conda-forge/osx-64/pandas-1.2.2-py38hb77cc89_0.tar.bz2#835d496ecd6e38e84d4ff1512832274d
https://conda.anaconda.org/conda-forge/noarch/pygments-2.7.4-pyhd8ed1ab_0.tar.bz2#d162b2e135758c51410bacfa6f5ef5bb
https://conda.anaconda.org/conda-forge/osx-64/pyqt-impl-5.12.3-py38h721a93c_7.tar.bz2#c76e852791a4509cd4ec14b50db2a459
https://conda.anaconda.org/conda-forge/noarch/altair-4.1.0-py_1.tar.bz2#c059ffe733ae5debd8095218b0d161c7
https://conda.anaconda.org/conda-forge/noarch/jupyterlab_pygments-0.1.2-pyh9f0ad1d_0.tar.bz2#2cbd910890bb328e8959246a1e16fac7
https://conda.anaconda.org/conda-forge/noarch/nbformat-5.1.2-pyhd8ed1ab_1.tar.bz2#9633dbb668ac1f9266427672816899dc
https://conda.anaconda.org/conda-forge/osx-64/pyqtchart-5.12-py38h721a93c_7.tar.bz2#775f35cff167ac81e1e26be731500329
https://conda.anaconda.org/conda-forge/osx-64/pyqtwebengine-5.12.1-py38h721a93c_7.tar.bz2#061d0c24641f1da9350179ed831f112d
https://conda.anaconda.org/conda-forge/noarch/wcwidth-0.2.5-pyh9f0ad1d_2.tar.bz2#5266fcd697043c59621fda522b3d78ee
https://conda.anaconda.org/conda-forge/noarch/nbclient-0.5.2-pyhd8ed1ab_0.tar.bz2#06970c2047dd29a7d320b0a765f9b1e4
https://conda.anaconda.org/conda-forge/noarch/prompt-toolkit-3.0.16-pyha770c72_0.tar.bz2#1a7cec3da4a94cd23d3de4155bff4941
https://conda.anaconda.org/conda-forge/osx-64/pyqt-5.12.3-py38h50d1736_7.tar.bz2#5f37859fbbd9f0e653f1c33d02765d43
https://conda.anaconda.org/conda-forge/osx-64/ipython-7.20.0-py38h9bb44b7_2.tar.bz2#8a5df352aabe00a0fc069d10c82580ed
https://conda.anaconda.org/conda-forge/osx-64/nbconvert-6.0.7-py38h50d1736_3.tar.bz2#4f6620112b16223117249294cb939eac
https://conda.anaconda.org/conda-forge/noarch/prompt_toolkit-3.0.16-hd8ed1ab_0.tar.bz2#32d3475edd80c7445f8cf6ecaf1d7e6b
https://conda.anaconda.org/conda-forge/osx-64/ipykernel-5.4.2-py38h9bb44b7_0.tar.bz2#394b6a34dbc6785393e45444eb1c0f31
https://conda.anaconda.org/conda-forge/noarch/jupyter_console-6.2.0-py_0.tar.bz2#cb063fba0917fab041217d5a4a3adca0
https://conda.anaconda.org/conda-forge/osx-64/notebook-6.2.0-py38h50d1736_0.tar.bz2#22c481b3ed65c1f6d87db00431abbb30
https://conda.anaconda.org/conda-forge/noarch/qtconsole-5.0.2-pyhd8ed1ab_0.tar.bz2#0fb6a03f1a5fa89a0adc21e62959ac63
https://conda.anaconda.org/conda-forge/osx-64/widgetsnbextension-3.5.1-py38h50d1736_4.tar.bz2#7d69dd67c8a01d72b41e73102141afb8
https://conda.anaconda.org/conda-forge/noarch/ipywidgets-7.6.3-pyhd3deb0d_0.tar.bz2#536a9ed6d9e740f2b83d1a3c388e4388
https://conda.anaconda.org/conda-forge/osx-64/jupyter-1.0.0-py38h50d1736_6.tar.bz2#787b0f614822306b75223ea8b74cf163
